// !$*UTF8*$!
{
	archiveVersion = 1;
	classes = {
	};
	objectVersion = 48;
	objects = {

/* Begin PBXBuildFile section */
		FAB814541FC5DDB1007023F1 /* AppDelegate.swift in Sources */ = {isa = PBXBuildFile; fileRef = FAB814531FC5DDB1007023F1 /* AppDelegate.swift */; };
		FAB814561FC5DDB1007023F1 /* ViewController.swift in Sources */ = {isa = PBXBuildFile; fileRef = FAB814551FC5DDB1007023F1 /* ViewController.swift */; };
		FAB814591FC5DDB1007023F1 /* Main.storyboard in Resources */ = {isa = PBXBuildFile; fileRef = FAB814571FC5DDB1007023F1 /* Main.storyboard */; };
		FAB8145B1FC5DDB1007023F1 /* Assets.xcassets in Resources */ = {isa = PBXBuildFile; fileRef = FAB8145A1FC5DDB1007023F1 /* Assets.xcassets */; };
		FAB8145E1FC5DDB1007023F1 /* LaunchScreen.storyboard in Resources */ = {isa = PBXBuildFile; fileRef = FAB8145C1FC5DDB1007023F1 /* LaunchScreen.storyboard */; };
/* End PBXBuildFile section */

/* Begin PBXFileReference section */
		FAB814501FC5DDB1007023F1 /* Calculator2.app */ = {isa = PBXFileReference; explicitFileType = wrapper.application; includeInIndex = 0; path = Calculator2.app; sourceTree = BUILT_PRODUCTS_DIR; };
		FAB814531FC5DDB1007023F1 /* AppDelegate.swift */ = {isa = PBXFileReference; lastKnownFileType = sourcecode.swift; path = AppDelegate.swift; sourceTree = "<group>"; };
		FAB814551FC5DDB1007023F1 /* ViewController.swift */ = {isa = PBXFileReference; lastKnownFileType = sourcecode.swift; path = ViewController.swift; sourceTree = "<group>"; };
		FAB814581FC5DDB1007023F1 /* Base */ = {isa = PBXFileReference; lastKnownFileType = file.storyboard; name = Base; path = Base.lproj/Main.storyboard; sourceTree = "<group>"; };
		FAB8145A1FC5DDB1007023F1 /* Assets.xcassets */ = {isa = PBXFileReference; lastKnownFileType = folder.assetcatalog; path = Assets.xcassets; sourceTree = "<group>"; };
		FAB8145D1FC5DDB1007023F1 /* Base */ = {isa = PBXFileReference; lastKnownFileType = file.storyboard; name = Base; path = Base.lproj/LaunchScreen.storyboard; sourceTree = "<group>"; };
		FAB8145F1FC5DDB1007023F1 /* Info.plist */ = {isa = PBXFileReference; lastKnownFileType = text.plist.xml; path = Info.plist; sourceTree = "<group>"; };
/* End PBXFileReference section */

/* Begin PBXFrameworksBuildPhase section */
		FAB8144D1FC5DDB1007023F1 /* Frameworks */ = {
			isa = PBXFrameworksBuildPhase;
			buildActionMask = 2147483647;
			files = (
			);
			runOnlyForDeploymentPostprocessing = 0;
		};
/* End PBXFrameworksBuildPhase section */

/* Begin PBXGroup section */
		FAB814471FC5DDB1007023F1 = {
			isa = PBXGroup;
			children = (
				FAB814521FC5DDB1007023F1 /* Calculator2 */,
				FAB814511FC5DDB1007023F1 /* Products */,
			);
			sourceTree = "<group>";
		};
		FAB814511FC5DDB1007023F1 /* Products */ = {
			isa = PBXGroup;
			children = (
				FAB814501FC5DDB1007023F1 /* Calculator2.app */,
			);
			name = Products;
			sourceTree = "<group>";
		};
		FAB814521FC5DDB1007023F1 /* Calculator2 */ = {
			isa = PBXGroup;
			children = (
				FAB814531FC5DDB1007023F1 /* AppDelegate.swift */,
				FAB814551FC5DDB1007023F1 /* ViewController.swift */,
				FAB814571FC5DDB1007023F1 /* Main.storyboard */,
				FAB8145A1FC5DDB1007023F1 /* Assets.xcassets */,
				FAB8145C1FC5DDB1007023F1 /* LaunchScreen.storyboard */,
				FAB8145F1FC5DDB1007023F1 /* Info.plist */,
			);
			path = Calculator2;
			sourceTree = "<group>";
		};
/* End PBXGroup section */

/* Begin PBXNativeTarget section */
		FAB8144F1FC5DDB1007023F1 /* Calculator2 */ = {
			isa = PBXNativeTarget;
			buildConfigurationList = FAB814621FC5DDB1007023F1 /* Build configuration list for PBXNativeTarget "Calculator2" */;
			buildPhases = (
				FAB8144C1FC5DDB1007023F1 /* Sources */,
				FAB8144D1FC5DDB1007023F1 /* Frameworks */,
				FAB8144E1FC5DDB1007023F1 /* Resources */,
			);
			buildRules = (
			);
			dependencies = (
			);
			name = Calculator2;
			productName = Calculator2;
			productReference = FAB814501FC5DDB1007023F1 /* Calculator2.app */;
			productType = "com.apple.product-type.application";
		};
/* End PBXNativeTarget section */

/* Begin PBXProject section */
		FAB814481FC5DDB1007023F1 /* Project object */ = {
			isa = PBXProject;
			attributes = {
				LastSwiftUpdateCheck = 0900;
				LastUpgradeCheck = 0900;
				ORGANIZATIONNAME = Azat;
				TargetAttributes = {
					FAB8144F1FC5DDB1007023F1 = {
						CreatedOnToolsVersion = 9.0;
					};
				};
			};
			buildConfigurationList = FAB8144B1FC5DDB1007023F1 /* Build configuration list for PBXProject "Calculator2" */;
			compatibilityVersion = "Xcode 8.0";
			developmentRegion = en;
			hasScannedForEncodings = 0;
			knownRegions = (
				en,
				Base,
			);
			mainGroup = FAB814471FC5DDB1007023F1;
			productRefGroup = FAB814511FC5DDB1007023F1 /* Products */;
			projectDirPath = "";
			projectRoot = "";
			targets = (
				FAB8144F1FC5DDB1007023F1 /* Calculator2 */,
			);
		};
/* End PBXProject section */

/* Begin PBXResourcesBuildPhase section */
		FAB8144E1FC5DDB1007023F1 /* Resources */ = {
			isa = PBXResourcesBuildPhase;
			buildActionMask = 2147483647;
			files = (
				FAB8145E1FC5DDB1007023F1 /* LaunchScreen.storyboard in Resources */,
				FAB8145B1FC5DDB1007023F1 /* Assets.xcassets in Resources */,
				FAB814591FC5DDB1007023F1 /* Main.storyboard in Resources */,
			);
			runOnlyForDeploymentPostprocessing = 0;
		};
/* End PBXResourcesBuildPhase section */

/* Begin PBXSourcesBuildPhase section */
		FAB8144C1FC5DDB1007023F1 /* Sources */ = {
			isa = PBXSourcesBuildPhase;
			buildActionMask = 2147483647;
			files = (
				FAB814561FC5DDB1007023F1 /* ViewController.swift in Sources */,
				FAB814541FC5DDB1007023F1 /* AppDelegate.swift in Sources */,
			);
			runOnlyForDeploymentPostprocessing = 0;
		};
/* End PBXSourcesBuildPhase section */

/* Begin PBXVariantGroup section */
		FAB814571FC5DDB1007023F1 /* Main.storyboard */ = {
			isa = PBXVariantGroup;
			children = (
				FAB814581FC5DDB1007023F1 /* Base */,
			);
			name = Main.storyboard;
			sourceTree = "<group>";
		};
		FAB8145C1FC5DDB1007023F1 /* LaunchScreen.storyboard */ = {
			isa = PBXVariantGroup;
			children = (
				FAB8145D1FC5DDB1007023F1 /* Base */,
			);
			name = LaunchScreen.storyboard;
			sourceTree = "<group>";
		};
/* End PBXVariantGroup section */

/* Begin XCBuildConfiguration section */
		FAB814601FC5DDB1007023F1 /* Debug */ = {
			isa = XCBuildConfiguration;
			buildSettings = {
				ALWAYS_SEARCH_USER_PATHS = NO;
				CLANG_ANALYZER_NONNULL = YES;
				CLANG_ANALYZER_NUMBER_OBJECT_CONVERSION = YES_AGGRESSIVE;
				CLANG_CXX_LANGUAGE_STANDARD = "gnu++14";
				CLANG_CXX_LIBRARY = "libc++";
				CLANG_ENABLE_MODULES = YES;
				CLANG_ENABLE_OBJC_ARC = YES;
				CLANG_WARN_BLOCK_CAPTURE_AUTORELEASING = YES;
				CLANG_WARN_BOOL_CONVERSION = YES;
				CLANG_WARN_COMMA = YES;
				CLANG_WARN_CONSTANT_CONVERSION = YES;
				CLANG_WARN_DIRECT_OBJC_ISA_USAGE = YES_ERROR;
				CLANG_WARN_DOCUMENTATION_COMMENTS = YES;
				CLANG_WARN_EMPTY_BODY = YES;
				CLANG_WARN_ENUM_CONVERSION = YES;
				CLANG_WARN_INFINITE_RECURSION = YES;
				CLANG_WARN_INT_CONVERSION = YES;
				CLANG_WARN_OBJC_ROOT_CLASS = YES_ERROR;
				CLANG_WARN_RANGE_LOOP_ANALYSIS = YES;
				CLANG_WARN_STRICT_PROTOTYPES = YES;
				CLANG_WARN_SUSPICIOUS_MOVE = YES;
				CLANG_WARN_UNGUARDED_AVAILABILITY = YES_AGGRESSIVE;
				CLANG_WARN_UNREACHABLE_CODE = YES;
				CLANG_WARN__DUPLICATE_METHOD_MATCH = YES;
				CODE_SIGN_IDENTITY = "iPhone Developer";
				COPY_PHASE_STRIP = NO;
				DEBUG_INFORMATION_FORMAT = dwarf;
				ENABLE_STRICT_OBJC_MSGSEND = YES;
				ENABLE_TESTABILITY = YES;
				GCC_C_LANGUAGE_STANDARD = gnu11;
				GCC_DYNAMIC_NO_PIC = NO;
				GCC_NO_COMMON_BLOCKS = YES;
				GCC_OPTIMIZATION_LEVEL = 0;
				GCC_PREPROCESSOR_DEFINITIONS = (
					"DEBUG=1",
					"$(inherited)",
				);
				GCC_WARN_64_TO_32_BIT_CONVERSION = YES;
				GCC_WARN_ABOUT_RETURN_TYPE = YES_ERROR;
				GCC_WARN_UNDECLARED_SELECTOR = YES;
				GCC_WARN_UNINITIALIZED_AUTOS = YES_AGGRESSIVE;
				GCC_WARN_UNUSED_FUNCTION = YES;
				GCC_WARN_UNUSED_VARIABLE = YES;
				IPHONEOS_DEPLOYMENT_TARGET = 11.0;
				MTL_ENABLE_DEBUG_INFO = YES;
				ONLY_ACTIVE_ARCH = YES;
				SDKROOT = iphoneos;
				SWIFT_ACTIVE_COMPILATION_CONDITIONS = DEBUG;
				SWIFT_OPTIMIZATION_LEVEL = "-Onone";
			};
			name = Debug;
		};
		FAB814611FC5DDB1007023F1 /* Release */ = {
			isa = XCBuildConfiguration;
			buildSettings = {
				ALWAYS_SEARCH_USER_PATHS = NO;
				CLANG_ANALYZER_NONNULL = YES;
				CLANG_ANALYZER_NUMBER_OBJECT_CONVERSION = YES_AGGRESSIVE;
				CLANG_CXX_LANGUAGE_STANDARD = "gnu++14";
				CLANG_CXX_LIBRARY = "libc++";
				CLANG_ENABLE_MODULES = YES;
				CLANG_ENABLE_OBJC_ARC = YES;
				CLANG_WARN_BLOCK_CAPTURE_AUTORELEASING = YES;
				CLANG_WARN_BOOL_CONVERSION = YES;
				CLANG_WARN_COMMA = YES;
				CLANG_WARN_CONSTANT_CONVERSION = YES;
				CLANG_WARN_DIRECT_OBJC_ISA_USAGE = YES_ERROR;
				CLANG_WARN_DOCUMENTATION_COMMENTS = YES;
				CLANG_WARN_EMPTY_BODY = YES;
				CLANG_WARN_ENUM_CONVERSION = YES;
				CLANG_WARN_INFINITE_RECURSION = YES;
				CLANG_WARN_INT_CONVERSION = YES;
				CLANG_WARN_OBJC_ROOT_CLASS = YES_ERROR;
				CLANG_WARN_RANGE_LOOP_ANALYSIS = YES;
				CLANG_WARN_STRICT_PROTOTYPES = YES;
				CLANG_WARN_SUSPICIOUS_MOVE = YES;
				CLANG_WARN_UNGUARDED_AVAILABILITY = YES_AGGRESSIVE;
				CLANG_WARN_UNREACHABLE_CODE = YES;
				CLANG_WARN__DUPLICATE_METHOD_MATCH = YES;
				CODE_SIGN_IDENTITY = "iPhone Developer";
				COPY_PHASE_STRIP = NO;
				DEBUG_INFORMATION_FORMAT = "dwarf-with-dsym";
				ENABLE_NS_ASSERTIONS = NO;
				ENABLE_STRICT_OBJC_MSGSEND = YES;
				GCC_C_LANGUAGE_STANDARD = gnu11;
				GCC_NO_COMMON_BLOCKS = YES;
				GCC_WARN_64_TO_32_BIT_CONVERSION = YES;
				GCC_WARN_ABOUT_RETURN_TYPE = YES_ERROR;
				GCC_WARN_UNDECLARED_SELECTOR = YES;
				GCC_WARN_UNINITIALIZED_AUTOS = YES_AGGRESSIVE;
				GCC_WARN_UNUSED_FUNCTION = YES;
				GCC_WARN_UNUSED_VARIABLE = YES;
				IPHONEOS_DEPLOYMENT_TARGET = 11.0;
				MTL_ENABLE_DEBUG_INFO = NO;
				SDKROOT = iphoneos;
				SWIFT_OPTIMIZATION_LEVEL = "-Owholemodule";
				VALIDATE_PRODUCT = YES;
			};
			name = Release;
		};
		FAB814631FC5DDB1007023F1 /* Debug */ = {
			isa = XCBuildConfiguration;
			buildSettings = {
				ASSETCATALOG_COMPILER_APPICON_NAME = AppIcon;
				INFOPLIST_FILE = Calculator2/Info.plist;
				LD_RUNPATH_SEARCH_PATHS = "$(inherited) @executable_path/Frameworks";
				PRODUCT_BUNDLE_IDENTIFIER = harman.com.Calculator2;
				PRODUCT_NAME = "$(TARGET_NAME)";
				SWIFT_VERSION = 4.0;
				TARGETED_DEVICE_FAMILY = "1,2";
			};
			name = Debug;
		};
		FAB814641FC5DDB1007023F1 /* Release */ = {
			isa = XCBuildConfiguration;
			buildSettings = {
				ASSETCATALOG_COMPILER_APPICON_NAME = AppIcon;
				INFOPLIST_FILE = Calculator2/Info.plist;
				LD_RUNPATH_SEARCH_PATHS = "$(inherited) @executable_path/Frameworks";
				PRODUCT_BUNDLE_IDENTIFIER = harman.com.Calculator2;
				PRODUCT_NAME = "$(TARGET_NAME)";
				SWIFT_VERSION = 4.0;
				TARGETED_DEVICE_FAMILY = "1,2";
			};
			name = Release;
		};
/* End XCBuildConfiguration section */

/* Begin XCConfigurationList section */
		FAB8144B1FC5DDB1007023F1 /* Build configuration list for PBXProject "Calculator2" */ = {
			isa = XCConfigurationList;
			buildConfigurations = (
				FAB814601FC5DDB1007023F1 /* Debug */,
				FAB814611FC5DDB1007023F1 /* Release */,
			);
			defaultConfigurationIsVisible = 0;
			defaultConfigurationName = Release;
		};
		FAB814621FC5DDB1007023F1 /* Build configuration list for PBXNativeTarget "Calculator2" */ = {
			isa = XCConfigurationList;
			buildConfigurations = (
				FAB814631FC5DDB1007023F1 /* Debug */,
				FAB814641FC5DDB1007023F1 /* Release */,
			);
			defaultConfigurationIsVisible = 0;
		};
/* End XCConfigurationList section */
	};
	rootObject = FAB814481FC5DDB1007023F1 /* Project object */;
}
